
Microsoft Visual Studio Solution File, Format Version 12.00
# Visual Studio 15
VisualStudioVersion = 15.0.28010.2050
MinimumVisualStudioVersion = 10.0.40219.1
Project("{FAE04EC0-301F-11D3-BF4B-00C04F79EFBC}") = "MobileTesting.Android", "MobileTesting\MobileTesting.Android\MobileTesting.Android.csproj", "{EA506F18-E000-45D1-A48B-5D7586F4BE49}"
EndProject
Project("{FAE04EC0-301F-11D3-BF4B-00C04F79EFBC}") = "MobileTesting.iOS", "MobileTesting\MobileTesting.iOS\MobileTesting.iOS.csproj", "{C207899F-394C-4E75-91C6-A6BD9DC527C2}"
EndProject
Project("{FAE04EC0-301F-11D3-BF4B-00C04F79EFBC}") = "MobileTesting.UWP", "MobileTesting\MobileTesting.UWP\MobileTesting.UWP.csproj", "{6D084960-58EA-4E5A-A3B7-4C70D42B7E82}"
EndProject
Project("{FAE04EC0-301F-11D3-BF4B-00C04F79EFBC}") = "MobileTesting", "MobileTesting\MobileTesting\MobileTesting.csproj", "{ECAE3BF5-AC40-4C0C-9453-0206451AE622}"
EndProject
Global
	GlobalSection(SolutionConfigurationPlatforms) = preSolution
		Ad-Hoc|Any CPU = Ad-Hoc|Any CPU
		Ad-Hoc|ARM = Ad-Hoc|ARM
		Ad-Hoc|iPhone = Ad-Hoc|iPhone
		Ad-Hoc|iPhoneSimulator = Ad-Hoc|iPhoneSimulator
		Ad-Hoc|x64 = Ad-Hoc|x64
		Ad-Hoc|x86 = Ad-Hoc|x86
		AppStore|Any CPU = AppStore|Any CPU
		AppStore|ARM = AppStore|ARM
		AppStore|iPhone = AppStore|iPhone
		AppStore|iPhoneSimulator = AppStore|iPhoneSimulator
		AppStore|x64 = AppStore|x64
		AppStore|x86 = AppStore|x86
		Debug|Any CPU = Debug|Any CPU
		Debug|ARM = Debug|ARM
		Debug|iPhone = Debug|iPhone
		Debug|iPhoneSimulator = Debug|iPhoneSimulator
		Debug|x64 = Debug|x64
		Debug|x86 = Debug|x86
		Release|Any CPU = Release|Any CPU
		Release|ARM = Release|ARM
		Release|iPhone = Release|iPhone
		Release|iPhoneSimulator = Release|iPhoneSimulator
		Release|x64 = Release|x64
		Release|x86 = Release|x86
	EndGlobalSection
	GlobalSection(ProjectConfigurationPlatforms) = postSolution
		{EA506F18-E000-45D1-A48B-5D7586F4BE49}.Ad-Hoc|Any CPU.ActiveCfg = Release|Any CPU
		{EA506F18-E000-45D1-A48B-5D7586F4BE49}.Ad-Hoc|Any CPU.Build.0 = Release|Any CPU
		{EA506F18-E000-45D1-A48B-5D7586F4BE49}.Ad-Hoc|Any CPU.Deploy.0 = Release|Any CPU
		{EA506F18-E000-45D1-A48B-5D7586F4BE49}.Ad-Hoc|ARM.ActiveCfg = Release|Any CPU
		{EA506F18-E000-45D1-A48B-5D7586F4BE49}.Ad-Hoc|ARM.Build.0 = Release|Any CPU
		{EA506F18-E000-45D1-A48B-5D7586F4BE49}.Ad-Hoc|ARM.Deploy.0 = Release|Any CPU
		{EA506F18-E000-45D1-A48B-5D7586F4BE49}.Ad-Hoc|iPhone.ActiveCfg = Release|Any CPU
		{EA506F18-E000-45D1-A48B-5D7586F4BE49}.Ad-Hoc|iPhone.Build.0 = Release|Any CPU
		{EA506F18-E000-45D1-A48B-5D7586F4BE49}.Ad-Hoc|iPhone.Deploy.0 = Release|Any CPU
		{EA506F18-E000-45D1-A48B-5D7586F4BE49}.Ad-Hoc|iPhoneSimulator.ActiveCfg = Release|Any CPU
		{EA506F18-E000-45D1-A48B-5D7586F4BE49}.Ad-Hoc|iPhoneSimulator.Build.0 = Release|Any CPU
		{EA506F18-E000-45D1-A48B-5D7586F4BE49}.Ad-Hoc|iPhoneSimulator.Deploy.0 = Release|Any CPU
		{EA506F18-E000-45D1-A48B-5D7586F4BE49}.Ad-Hoc|x64.ActiveCfg = Release|Any CPU
		{EA506F18-E000-45D1-A48B-5D7586F4BE49}.Ad-Hoc|x64.Build.0 = Release|Any CPU
		{EA506F18-E000-45D1-A48B-5D7586F4BE49}.Ad-Hoc|x64.Deploy.0 = Release|Any CPU
		{EA506F18-E000-45D1-A48B-5D7586F4BE49}.Ad-Hoc|x86.ActiveCfg = Release|Any CPU
		{EA506F18-E000-45D1-A48B-5D7586F4BE49}.Ad-Hoc|x86.Build.0 = Release|Any CPU
		{EA506F18-E000-45D1-A48B-5D7586F4BE49}.Ad-Hoc|x86.Deploy.0 = Release|Any CPU
		{EA506F18-E000-45D1-A48B-5D7586F4BE49}.AppStore|Any CPU.ActiveCfg = Release|Any CPU
		{EA506F18-E000-45D1-A48B-5D7586F4BE49}.AppStore|Any CPU.Build.0 = Release|Any CPU
		{EA506F18-E000-45D1-A48B-5D7586F4BE49}.AppStore|Any CPU.Deploy.0 = Release|Any CPU
		{EA506F18-E000-45D1-A48B-5D7586F4BE49}.AppStore|ARM.ActiveCfg = Release|Any CPU
		{EA506F18-E000-45D1-A48B-5D7586F4BE49}.AppStore|ARM.Build.0 = Release|Any CPU
		{EA506F18-E000-45D1-A48B-5D7586F4BE49}.AppStore|ARM.Deploy.0 = Release|Any CPU
		{EA506F18-E000-45D1-A48B-5D7586F4BE49}.AppStore|iPhone.ActiveCfg = Release|Any CPU
		{EA506F18-E000-45D1-A48B-5D7586F4BE49}.AppStore|iPhone.Build.0 = Release|Any CPU
		{EA506F18-E000-45D1-A48B-5D7586F4BE49}.AppStore|iPhone.Deploy.0 = Release|Any CPU
		{EA506F18-E000-45D1-A48B-5D7586F4BE49}.AppStore|iPhoneSimulator.ActiveCfg = Release|Any CPU
		{EA506F18-E000-45D1-A48B-5D7586F4BE49}.AppStore|iPhoneSimulator.Build.0 = Release|Any CPU
		{EA506F18-E000-45D1-A48B-5D7586F4BE49}.AppStore|iPhoneSimulator.Deploy.0 = Release|Any CPU
		{EA506F18-E000-45D1-A48B-5D7586F4BE49}.AppStore|x64.ActiveCfg = Release|Any CPU
		{EA506F18-E000-45D1-A48B-5D7586F4BE49}.AppStore|x64.Build.0 = Release|Any CPU
		{EA506F18-E000-45D1-A48B-5D7586F4BE49}.AppStore|x64.Deploy.0 = Release|Any CPU
		{EA506F18-E000-45D1-A48B-5D7586F4BE49}.AppStore|x86.ActiveCfg = Release|Any CPU
		{EA506F18-E000-45D1-A48B-5D7586F4BE49}.AppStore|x86.Build.0 = Release|Any CPU
		{EA506F18-E000-45D1-A48B-5D7586F4BE49}.AppStore|x86.Deploy.0 = Release|Any CPU
		{EA506F18-E000-45D1-A48B-5D7586F4BE49}.Debug|Any CPU.ActiveCfg = Debug|Any CPU
		{EA506F18-E000-45D1-A48B-5D7586F4BE49}.Debug|Any CPU.Build.0 = Debug|Any CPU
		{EA506F18-E000-45D1-A48B-5D7586F4BE49}.Debug|Any CPU.Deploy.0 = Debug|Any CPU
		{EA506F18-E000-45D1-A48B-5D7586F4BE49}.Debug|ARM.ActiveCfg = Debug|Any CPU
		{EA506F18-E000-45D1-A48B-5D7586F4BE49}.Debug|ARM.Build.0 = Debug|Any CPU
		{EA506F18-E000-45D1-A48B-5D7586F4BE49}.Debug|ARM.Deploy.0 = Debug|Any CPU
		{EA506F18-E000-45D1-A48B-5D7586F4BE49}.Debug|iPhone.ActiveCfg = Debug|Any CPU
		{EA506F18-E000-45D1-A48B-5D7586F4BE49}.Debug|iPhone.Build.0 = Debug|Any CPU
		{EA506F18-E000-45D1-A48B-5D7586F4BE49}.Debug|iPhone.Deploy.0 = Debug|Any CPU
		{EA506F18-E000-45D1-A48B-5D7586F4BE49}.Debug|iPhoneSimulator.ActiveCfg = Debug|Any CPU
		{EA506F18-E000-45D1-A48B-5D7586F4BE49}.Debug|iPhoneSimulator.Build.0 = Debug|Any CPU
		{EA506F18-E000-45D1-A48B-5D7586F4BE49}.Debug|iPhoneSimulator.Deploy.0 = Debug|Any CPU
		{EA506F18-E000-45D1-A48B-5D7586F4BE49}.Debug|x64.ActiveCfg = Debug|Any CPU
		{EA506F18-E000-45D1-A48B-5D7586F4BE49}.Debug|x64.Build.0 = Debug|Any CPU
		{EA506F18-E000-45D1-A48B-5D7586F4BE49}.Debug|x64.Deploy.0 = Debug|Any CPU
		{EA506F18-E000-45D1-A48B-5D7586F4BE49}.Debug|x86.ActiveCfg = Debug|Any CPU
		{EA506F18-E000-45D1-A48B-5D7586F4BE49}.Debug|x86.Build.0 = Debug|Any CPU
		{EA506F18-E000-45D1-A48B-5D7586F4BE49}.Debug|x86.Deploy.0 = Debug|Any CPU
		{EA506F18-E000-45D1-A48B-5D7586F4BE49}.Release|Any CPU.ActiveCfg = Release|Any CPU
		{EA506F18-E000-45D1-A48B-5D7586F4BE49}.Release|Any CPU.Build.0 = Release|Any CPU
		{EA506F18-E000-45D1-A48B-5D7586F4BE49}.Release|Any CPU.Deploy.0 = Release|Any CPU
		{EA506F18-E000-45D1-A48B-5D7586F4BE49}.Release|ARM.ActiveCfg = Release|Any CPU
		{EA506F18-E000-45D1-A48B-5D7586F4BE49}.Release|ARM.Build.0 = Release|Any CPU
		{EA506F18-E000-45D1-A48B-5D7586F4BE49}.Release|ARM.Deploy.0 = Release|Any CPU
		{EA506F18-E000-45D1-A48B-5D7586F4BE49}.Release|iPhone.ActiveCfg = Release|Any CPU
		{EA506F18-E000-45D1-A48B-5D7586F4BE49}.Release|iPhone.Build.0 = Release|Any CPU
		{EA506F18-E000-45D1-A48B-5D7586F4BE49}.Release|iPhone.Deploy.0 = Release|Any CPU
		{EA506F18-E000-45D1-A48B-5D7586F4BE49}.Release|iPhoneSimulator.ActiveCfg = Release|Any CPU
		{EA506F18-E000-45D1-A48B-5D7586F4BE49}.Release|iPhoneSimulator.Build.0 = Release|Any CPU
		{EA506F18-E000-45D1-A48B-5D7586F4BE49}.Release|iPhoneSimulator.Deploy.0 = Release|Any CPU
		{EA506F18-E000-45D1-A48B-5D7586F4BE49}.Release|x64.ActiveCfg = Release|Any CPU
		{EA506F18-E000-45D1-A48B-5D7586F4BE49}.Release|x64.Build.0 = Release|Any CPU
		{EA506F18-E000-45D1-A48B-5D7586F4BE49}.Release|x64.Deploy.0 = Release|Any CPU
		{EA506F18-E000-45D1-A48B-5D7586F4BE49}.Release|x86.ActiveCfg = Release|Any CPU
		{EA506F18-E000-45D1-A48B-5D7586F4BE49}.Release|x86.Build.0 = Release|Any CPU
		{EA506F18-E000-45D1-A48B-5D7586F4BE49}.Release|x86.Deploy.0 = Release|Any CPU
		{C207899F-394C-4E75-91C6-A6BD9DC527C2}.Ad-Hoc|Any CPU.ActiveCfg = Ad-Hoc|iPhone
		{C207899F-394C-4E75-91C6-A6BD9DC527C2}.Ad-Hoc|Any CPU.Build.0 = Ad-Hoc|iPhone
		{C207899F-394C-4E75-91C6-A6BD9DC527C2}.Ad-Hoc|Any CPU.Deploy.0 = Ad-Hoc|iPhone
		{C207899F-394C-4E75-91C6-A6BD9DC527C2}.Ad-Hoc|ARM.ActiveCfg = Ad-Hoc|iPhone
		{C207899F-394C-4E75-91C6-A6BD9DC527C2}.Ad-Hoc|ARM.Build.0 = Ad-Hoc|iPhone
		{C207899F-394C-4E75-91C6-A6BD9DC527C2}.Ad-Hoc|ARM.Deploy.0 = Ad-Hoc|iPhone
		{C207899F-394C-4E75-91C6-A6BD9DC527C2}.Ad-Hoc|iPhone.ActiveCfg = Ad-Hoc|iPhone
		{C207899F-394C-4E75-91C6-A6BD9DC527C2}.Ad-Hoc|iPhone.Build.0 = Ad-Hoc|iPhone
		{C207899F-394C-4E75-91C6-A6BD9DC527C2}.Ad-Hoc|iPhone.Deploy.0 = Ad-Hoc|iPhone
		{C207899F-394C-4E75-91C6-A6BD9DC527C2}.Ad-Hoc|iPhoneSimulator.ActiveCfg = Ad-Hoc|iPhoneSimulator
		{C207899F-394C-4E75-91C6-A6BD9DC527C2}.Ad-Hoc|iPhoneSimulator.Build.0 = Ad-Hoc|iPhoneSimulator
		{C207899F-394C-4E75-91C6-A6BD9DC527C2}.Ad-Hoc|iPhoneSimulator.Deploy.0 = Ad-Hoc|iPhoneSimulator
		{C207899F-394C-4E75-91C6-A6BD9DC527C2}.Ad-Hoc|x64.ActiveCfg = Ad-Hoc|iPhone
		{C207899F-394C-4E75-91C6-A6BD9DC527C2}.Ad-Hoc|x64.Build.0 = Ad-Hoc|iPhone
		{C207899F-394C-4E75-91C6-A6BD9DC527C2}.Ad-Hoc|x64.Deploy.0 = Ad-Hoc|iPhone
		{C207899F-394C-4E75-91C6-A6BD9DC527C2}.Ad-Hoc|x86.ActiveCfg = Ad-Hoc|iPhone
		{C207899F-394C-4E75-91C6-A6BD9DC527C2}.Ad-Hoc|x86.Build.0 = Ad-Hoc|iPhone
		{C207899F-394C-4E75-91C6-A6BD9DC527C2}.Ad-Hoc|x86.Deploy.0 = Ad-Hoc|iPhone
		{C207899F-394C-4E75-91C6-A6BD9DC527C2}.AppStore|Any CPU.ActiveCfg = AppStore|iPhone
		{C207899F-394C-4E75-91C6-A6BD9DC527C2}.AppStore|Any CPU.Build.0 = AppStore|iPhone
		{C207899F-394C-4E75-91C6-A6BD9DC527C2}.AppStore|Any CPU.Deploy.0 = AppStore|iPhone
		{C207899F-394C-4E75-91C6-A6BD9DC527C2}.AppStore|ARM.ActiveCfg = AppStore|iPhone
		{C207899F-394C-4E75-91C6-A6BD9DC527C2}.AppStore|ARM.Build.0 = AppStore|iPhone
		{C207899F-394C-4E75-91C6-A6BD9DC527C2}.AppStore|ARM.Deploy.0 = AppStore|iPhone
		{C207899F-394C-4E75-91C6-A6BD9DC527C2}.AppStore|iPhone.ActiveCfg = AppStore|iPhone
		{C207899F-394C-4E75-91C6-A6BD9DC527C2}.AppStore|iPhone.Build.0 = AppStore|iPhone
		{C207899F-394C-4E75-91C6-A6BD9DC527C2}.AppStore|iPhone.Deploy.0 = AppStore|iPhone
		{C207899F-394C-4E75-91C6-A6BD9DC527C2}.AppStore|iPhoneSimulator.ActiveCfg = AppStore|iPhoneSimulator
		{C207899F-394C-4E75-91C6-A6BD9DC527C2}.AppStore|iPhoneSimulator.Build.0 = AppStore|iPhoneSimulator
		{C207899F-394C-4E75-91C6-A6BD9DC527C2}.AppStore|iPhoneSimulator.Deploy.0 = AppStore|iPhoneSimulator
		{C207899F-394C-4E75-91C6-A6BD9DC527C2}.AppStore|x64.ActiveCfg = AppStore|iPhone
		{C207899F-394C-4E75-91C6-A6BD9DC527C2}.AppStore|x64.Build.0 = AppStore|iPhone
		{C207899F-394C-4E75-91C6-A6BD9DC527C2}.AppStore|x64.Deploy.0 = AppStore|iPhone
		{C207899F-394C-4E75-91C6-A6BD9DC527C2}.AppStore|x86.ActiveCfg = AppStore|iPhone
		{C207899F-394C-4E75-91C6-A6BD9DC527C2}.AppStore|x86.Build.0 = AppStore|iPhone
		{C207899F-394C-4E75-91C6-A6BD9DC527C2}.AppStore|x86.Deploy.0 = AppStore|iPhone
		{C207899F-394C-4E75-91C6-A6BD9DC527C2}.Debug|Any CPU.ActiveCfg = Debug|iPhoneSimulator
		{C207899F-394C-4E75-91C6-A6BD9DC527C2}.Debug|Any CPU.Build.0 = Debug|iPhoneSimulator
		{C207899F-394C-4E75-91C6-A6BD9DC527C2}.Debug|Any CPU.Deploy.0 = Debug|iPhoneSimulator
		{C207899F-394C-4E75-91C6-A6BD9DC527C2}.Debug|ARM.ActiveCfg = Debug|iPhone
		{C207899F-394C-4E75-91C6-A6BD9DC527C2}.Debug|ARM.Build.0 = Debug|iPhone
		{C207899F-394C-4E75-91C6-A6BD9DC527C2}.Debug|ARM.Deploy.0 = Debug|iPhone
		{C207899F-394C-4E75-91C6-A6BD9DC527C2}.Debug|iPhone.ActiveCfg = Debug|iPhone
		{C207899F-394C-4E75-91C6-A6BD9DC527C2}.Debug|iPhone.Build.0 = Debug|iPhone
		{C207899F-394C-4E75-91C6-A6BD9DC527C2}.Debug|iPhone.Deploy.0 = Debug|iPhone
		{C207899F-394C-4E75-91C6-A6BD9DC527C2}.Debug|iPhoneSimulator.ActiveCfg = Debug|iPhoneSimulator
		{C207899F-394C-4E75-91C6-A6BD9DC527C2}.Debug|iPhoneSimulator.Build.0 = Debug|iPhoneSimulator
		{C207899F-394C-4E75-91C6-A6BD9DC527C2}.Debug|iPhoneSimulator.Deploy.0 = Debug|iPhoneSimulator
		{C207899F-394C-4E75-91C6-A6BD9DC527C2}.Debug|x64.ActiveCfg = Debug|iPhone
		{C207899F-394C-4E75-91C6-A6BD9DC527C2}.Debug|x64.Build.0 = Debug|iPhone
		{C207899F-394C-4E75-91C6-A6BD9DC527C2}.Debug|x64.Deploy.0 = Debug|iPhone
		{C207899F-394C-4E75-91C6-A6BD9DC527C2}.Debug|x86.ActiveCfg = Debug|iPhone
		{C207899F-394C-4E75-91C6-A6BD9DC527C2}.Debug|x86.Build.0 = Debug|iPhone
		{C207899F-394C-4E75-91C6-A6BD9DC527C2}.Debug|x86.Deploy.0 = Debug|iPhone
		{C207899F-394C-4E75-91C6-A6BD9DC527C2}.Release|Any CPU.ActiveCfg = Release|iPhone
		{C207899F-394C-4E75-91C6-A6BD9DC527C2}.Release|Any CPU.Build.0 = Release|iPhone
		{C207899F-394C-4E75-91C6-A6BD9DC527C2}.Release|Any CPU.Deploy.0 = Release|iPhone
		{C207899F-394C-4E75-91C6-A6BD9DC527C2}.Release|ARM.ActiveCfg = Release|iPhone
		{C207899F-394C-4E75-91C6-A6BD9DC527C2}.Release|ARM.Build.0 = Release|iPhone
		{C207899F-394C-4E75-91C6-A6BD9DC527C2}.Release|ARM.Deploy.0 = Release|iPhone
		{C207899F-394C-4E75-91C6-A6BD9DC527C2}.Release|iPhone.ActiveCfg = Release|iPhone
		{C207899F-394C-4E75-91C6-A6BD9DC527C2}.Release|iPhone.Build.0 = Release|iPhone
		{C207899F-394C-4E75-91C6-A6BD9DC527C2}.Release|iPhone.Deploy.0 = Release|iPhone
		{C207899F-394C-4E75-91C6-A6BD9DC527C2}.Release|iPhoneSimulator.ActiveCfg = Release|iPhoneSimulator
		{C207899F-394C-4E75-91C6-A6BD9DC527C2}.Release|iPhoneSimulator.Build.0 = Release|iPhoneSimulator
		{C207899F-394C-4E75-91C6-A6BD9DC527C2}.Release|iPhoneSimulator.Deploy.0 = Release|iPhoneSimulator
		{C207899F-394C-4E75-91C6-A6BD9DC527C2}.Release|x64.ActiveCfg = Release|iPhone
		{C207899F-394C-4E75-91C6-A6BD9DC527C2}.Release|x64.Build.0 = Release|iPhone
		{C207899F-394C-4E75-91C6-A6BD9DC527C2}.Release|x64.Deploy.0 = Release|iPhone
		{C207899F-394C-4E75-91C6-A6BD9DC527C2}.Release|x86.ActiveCfg = Release|iPhone
		{C207899F-394C-4E75-91C6-A6BD9DC527C2}.Release|x86.Build.0 = Release|iPhone
		{C207899F-394C-4E75-91C6-A6BD9DC527C2}.Release|x86.Deploy.0 = Release|iPhone
		{6D084960-58EA-4E5A-A3B7-4C70D42B7E82}.Ad-Hoc|Any CPU.ActiveCfg = Release|x86
		{6D084960-58EA-4E5A-A3B7-4C70D42B7E82}.Ad-Hoc|Any CPU.Build.0 = Release|x86
		{6D084960-58EA-4E5A-A3B7-4C70D42B7E82}.Ad-Hoc|Any CPU.Deploy.0 = Release|x86
		{6D084960-58EA-4E5A-A3B7-4C70D42B7E82}.Ad-Hoc|ARM.ActiveCfg = Release|ARM
		{6D084960-58EA-4E5A-A3B7-4C70D42B7E82}.Ad-Hoc|ARM.Build.0 = Release|ARM
		{6D084960-58EA-4E5A-A3B7-4C70D42B7E82}.Ad-Hoc|ARM.Deploy.0 = Release|ARM
		{6D084960-58EA-4E5A-A3B7-4C70D42B7E82}.Ad-Hoc|iPhone.ActiveCfg = Release|x86
		{6D084960-58EA-4E5A-A3B7-4C70D42B7E82}.Ad-Hoc|iPhone.Build.0 = Release|x86
		{6D084960-58EA-4E5A-A3B7-4C70D42B7E82}.Ad-Hoc|iPhone.Deploy.0 = Release|x86
		{6D084960-58EA-4E5A-A3B7-4C70D42B7E82}.Ad-Hoc|iPhoneSimulator.ActiveCfg = Release|x86
		{6D084960-58EA-4E5A-A3B7-4C70D42B7E82}.Ad-Hoc|iPhoneSimulator.Build.0 = Release|x86
		{6D084960-58EA-4E5A-A3B7-4C70D42B7E82}.Ad-Hoc|iPhoneSimulator.Deploy.0 = Release|x86
		{6D084960-58EA-4E5A-A3B7-4C70D42B7E82}.Ad-Hoc|x64.ActiveCfg = Release|x64
		{6D084960-58EA-4E5A-A3B7-4C70D42B7E82}.Ad-Hoc|x64.Build.0 = Release|x64
		{6D084960-58EA-4E5A-A3B7-4C70D42B7E82}.Ad-Hoc|x64.Deploy.0 = Release|x64
		{6D084960-58EA-4E5A-A3B7-4C70D42B7E82}.Ad-Hoc|x86.ActiveCfg = Release|x86
		{6D084960-58EA-4E5A-A3B7-4C70D42B7E82}.Ad-Hoc|x86.Build.0 = Release|x86
		{6D084960-58EA-4E5A-A3B7-4C70D42B7E82}.Ad-Hoc|x86.Deploy.0 = Release|x86
		{6D084960-58EA-4E5A-A3B7-4C70D42B7E82}.AppStore|Any CPU.ActiveCfg = Release|x86
		{6D084960-58EA-4E5A-A3B7-4C70D42B7E82}.AppStore|Any CPU.Build.0 = Release|x86
		{6D084960-58EA-4E5A-A3B7-4C70D42B7E82}.AppStore|Any CPU.Deploy.0 = Release|x86
		{6D084960-58EA-4E5A-A3B7-4C70D42B7E82}.AppStore|ARM.ActiveCfg = Release|ARM
		{6D084960-58EA-4E5A-A3B7-4C70D42B7E82}.AppStore|ARM.Build.0 = Release|ARM
		{6D084960-58EA-4E5A-A3B7-4C70D42B7E82}.AppStore|ARM.Deploy.0 = Release|ARM
		{6D084960-58EA-4E5A-A3B7-4C70D42B7E82}.AppStore|iPhone.ActiveCfg = Release|x86
		{6D084960-58EA-4E5A-A3B7-4C70D42B7E82}.AppStore|iPhone.Build.0 = Release|x86
		{6D084960-58EA-4E5A-A3B7-4C70D42B7E82}.AppStore|iPhone.Deploy.0 = Release|x86
		{6D084960-58EA-4E5A-A3B7-4C70D42B7E82}.AppStore|iPhoneSimulator.ActiveCfg = Release|x86
		{6D084960-58EA-4E5A-A3B7-4C70D42B7E82}.AppStore|iPhoneSimulator.Build.0 = Release|x86
		{6D084960-58EA-4E5A-A3B7-4C70D42B7E82}.AppStore|iPhoneSimulator.Deploy.0 = Release|x86
		{6D084960-58EA-4E5A-A3B7-4C70D42B7E82}.AppStore|x64.ActiveCfg = Release|x64
		{6D084960-58EA-4E5A-A3B7-4C70D42B7E82}.AppStore|x64.Build.0 = Release|x64
		{6D084960-58EA-4E5A-A3B7-4C70D42B7E82}.AppStore|x64.Deploy.0 = Release|x64
		{6D084960-58EA-4E5A-A3B7-4C70D42B7E82}.AppStore|x86.ActiveCfg = Release|x86
		{6D084960-58EA-4E5A-A3B7-4C70D42B7E82}.AppStore|x86.Build.0 = Release|x86
		{6D084960-58EA-4E5A-A3B7-4C70D42B7E82}.AppStore|x86.Deploy.0 = Release|x86
		{6D084960-58EA-4E5A-A3B7-4C70D42B7E82}.Debug|Any CPU.ActiveCfg = Debug|x86
		{6D084960-58EA-4E5A-A3B7-4C70D42B7E82}.Debug|Any CPU.Build.0 = Debug|x86
		{6D084960-58EA-4E5A-A3B7-4C70D42B7E82}.Debug|Any CPU.Deploy.0 = Debug|x86
		{6D084960-58EA-4E5A-A3B7-4C70D42B7E82}.Debug|ARM.ActiveCfg = Debug|ARM
		{6D084960-58EA-4E5A-A3B7-4C70D42B7E82}.Debug|ARM.Build.0 = Debug|ARM
		{6D084960-58EA-4E5A-A3B7-4C70D42B7E82}.Debug|ARM.Deploy.0 = Debug|ARM
		{6D084960-58EA-4E5A-A3B7-4C70D42B7E82}.Debug|iPhone.ActiveCfg = Debug|x86
		{6D084960-58EA-4E5A-A3B7-4C70D42B7E82}.Debug|iPhone.Build.0 = Debug|x86
		{6D084960-58EA-4E5A-A3B7-4C70D42B7E82}.Debug|iPhone.Deploy.0 = Debug|x86
		{6D084960-58EA-4E5A-A3B7-4C70D42B7E82}.Debug|iPhoneSimulator.ActiveCfg = Debug|x86
		{6D084960-58EA-4E5A-A3B7-4C70D42B7E82}.Debug|iPhoneSimulator.Build.0 = Debug|x86
		{6D084960-58EA-4E5A-A3B7-4C70D42B7E82}.Debug|iPhoneSimulator.Deploy.0 = Debug|x86
		{6D084960-58EA-4E5A-A3B7-4C70D42B7E82}.Debug|x64.ActiveCfg = Debug|x64
		{6D084960-58EA-4E5A-A3B7-4C70D42B7E82}.Debug|x64.Build.0 = Debug|x64
		{6D084960-58EA-4E5A-A3B7-4C70D42B7E82}.Debug|x64.Deploy.0 = Debug|x64
		{6D084960-58EA-4E5A-A3B7-4C70D42B7E82}.Debug|x86.ActiveCfg = Debug|x86
		{6D084960-58EA-4E5A-A3B7-4C70D42B7E82}.Debug|x86.Build.0 = Debug|x86
		{6D084960-58EA-4E5A-A3B7-4C70D42B7E82}.Debug|x86.Deploy.0 = Debug|x86
		{6D084960-58EA-4E5A-A3B7-4C70D42B7E82}.Release|Any CPU.ActiveCfg = Release|x86
		{6D084960-58EA-4E5A-A3B7-4C70D42B7E82}.Release|Any CPU.Build.0 = Release|x86
		{6D084960-58EA-4E5A-A3B7-4C70D42B7E82}.Release|Any CPU.Deploy.0 = Release|x86
		{6D084960-58EA-4E5A-A3B7-4C70D42B7E82}.Release|ARM.ActiveCfg = Release|ARM
		{6D084960-58EA-4E5A-A3B7-4C70D42B7E82}.Release|ARM.Build.0 = Release|ARM
		{6D084960-58EA-4E5A-A3B7-4C70D42B7E82}.Release|ARM.Deploy.0 = Release|ARM
		{6D084960-58EA-4E5A-A3B7-4C70D42B7E82}.Release|iPhone.ActiveCfg = Release|x86
		{6D084960-58EA-4E5A-A3B7-4C70D42B7E82}.Release|iPhone.Build.0 = Release|x86
		{6D084960-58EA-4E5A-A3B7-4C70D42B7E82}.Release|iPhone.Deploy.0 = Release|x86
		{6D084960-58EA-4E5A-A3B7-4C70D42B7E82}.Release|iPhoneSimulator.ActiveCfg = Release|x86
		{6D084960-58EA-4E5A-A3B7-4C70D42B7E82}.Release|iPhoneSimulator.Build.0 = Release|x86
		{6D084960-58EA-4E5A-A3B7-4C70D42B7E82}.Release|iPhoneSimulator.Deploy.0 = Release|x86
		{6D084960-58EA-4E5A-A3B7-4C70D42B7E82}.Release|x64.ActiveCfg = Release|x64
		{6D084960-58EA-4E5A-A3B7-4C70D42B7E82}.Release|x64.Build.0 = Release|x64
		{6D084960-58EA-4E5A-A3B7-4C70D42B7E82}.Release|x64.Deploy.0 = Release|x64
		{6D084960-58EA-4E5A-A3B7-4C70D42B7E82}.Release|x86.ActiveCfg = Release|x86
		{6D084960-58EA-4E5A-A3B7-4C70D42B7E82}.Release|x86.Build.0 = Release|x86
		{6D084960-58EA-4E5A-A3B7-4C70D42B7E82}.Release|x86.Deploy.0 = Release|x86
		{ECAE3BF5-AC40-4C0C-9453-0206451AE622}.Ad-Hoc|Any CPU.ActiveCfg = Debug|Any CPU
		{ECAE3BF5-AC40-4C0C-9453-0206451AE622}.Ad-Hoc|Any CPU.Build.0 = Debug|Any CPU
		{ECAE3BF5-AC40-4C0C-9453-0206451AE622}.Ad-Hoc|Any CPU.Deploy.0 = Debug|Any CPU
		{ECAE3BF5-AC40-4C0C-9453-0206451AE622}.Ad-Hoc|ARM.ActiveCfg = Debug|Any CPU
		{ECAE3BF5-AC40-4C0C-9453-0206451AE622}.Ad-Hoc|ARM.Build.0 = Debug|Any CPU
		{ECAE3BF5-AC40-4C0C-9453-0206451AE622}.Ad-Hoc|ARM.Deploy.0 = Debug|Any CPU
		{ECAE3BF5-AC40-4C0C-9453-0206451AE622}.Ad-Hoc|iPhone.ActiveCfg = Debug|Any CPU
		{ECAE3BF5-AC40-4C0C-9453-0206451AE622}.Ad-Hoc|iPhone.Build.0 = Debug|Any CPU
		{ECAE3BF5-AC40-4C0C-9453-0206451AE622}.Ad-Hoc|iPhone.Deploy.0 = Debug|Any CPU
		{ECAE3BF5-AC40-4C0C-9453-0206451AE622}.Ad-Hoc|iPhoneSimulator.ActiveCfg = Debug|Any CPU
		{ECAE3BF5-AC40-4C0C-9453-0206451AE622}.Ad-Hoc|iPhoneSimulator.Build.0 = Debug|Any CPU
		{ECAE3BF5-AC40-4C0C-9453-0206451AE622}.Ad-Hoc|iPhoneSimulator.Deploy.0 = Debug|Any CPU
		{ECAE3BF5-AC40-4C0C-9453-0206451AE622}.Ad-Hoc|x64.ActiveCfg = Debug|Any CPU
		{ECAE3BF5-AC40-4C0C-9453-0206451AE622}.Ad-Hoc|x64.Build.0 = Debug|Any CPU
		{ECAE3BF5-AC40-4C0C-9453-0206451AE622}.Ad-Hoc|x64.Deploy.0 = Debug|Any CPU
		{ECAE3BF5-AC40-4C0C-9453-0206451AE622}.Ad-Hoc|x86.ActiveCfg = Debug|Any CPU
		{ECAE3BF5-AC40-4C0C-9453-0206451AE622}.Ad-Hoc|x86.Build.0 = Debug|Any CPU
		{ECAE3BF5-AC40-4C0C-9453-0206451AE622}.Ad-Hoc|x86.Deploy.0 = Debug|Any CPU
		{ECAE3BF5-AC40-4C0C-9453-0206451AE622}.AppStore|Any CPU.ActiveCfg = Debug|Any CPU
		{ECAE3BF5-AC40-4C0C-9453-0206451AE622}.AppStore|Any CPU.Build.0 = Debug|Any CPU
		{ECAE3BF5-AC40-4C0C-9453-0206451AE622}.AppStore|Any CPU.Deploy.0 = Debug|Any CPU
		{ECAE3BF5-AC40-4C0C-9453-0206451AE622}.AppStore|ARM.ActiveCfg = Debug|Any CPU
		{ECAE3BF5-AC40-4C0C-9453-0206451AE622}.AppStore|ARM.Build.0 = Debug|Any CPU
		{ECAE3BF5-AC40-4C0C-9453-0206451AE622}.AppStore|ARM.Deploy.0 = Debug|Any CPU
		{ECAE3BF5-AC40-4C0C-9453-0206451AE622}.AppStore|iPhone.ActiveCfg = Debug|Any CPU
		{ECAE3BF5-AC40-4C0C-9453-0206451AE622}.AppStore|iPhone.Build.0 = Debug|Any CPU
		{ECAE3BF5-AC40-4C0C-9453-0206451AE622}.AppStore|iPhone.Deploy.0 = Debug|Any CPU
		{ECAE3BF5-AC40-4C0C-9453-0206451AE622}.AppStore|iPhoneSimulator.ActiveCfg = Debug|Any CPU
		{ECAE3BF5-AC40-4C0C-9453-0206451AE622}.AppStore|iPhoneSimulator.Build.0 = Debug|Any CPU
		{ECAE3BF5-AC40-4C0C-9453-0206451AE622}.AppStore|iPhoneSimulator.Deploy.0 = Debug|Any CPU
		{ECAE3BF5-AC40-4C0C-9453-0206451AE622}.AppStore|x64.ActiveCfg = Debug|Any CPU
		{ECAE3BF5-AC40-4C0C-9453-0206451AE622}.AppStore|x64.Build.0 = Debug|Any CPU
		{ECAE3BF5-AC40-4C0C-9453-0206451AE622}.AppStore|x64.Deploy.0 = Debug|Any CPU
		{ECAE3BF5-AC40-4C0C-9453-0206451AE622}.AppStore|x86.ActiveCfg = Debug|Any CPU
		{ECAE3BF5-AC40-4C0C-9453-0206451AE622}.AppStore|x86.Build.0 = Debug|Any CPU
		{ECAE3BF5-AC40-4C0C-9453-0206451AE622}.AppStore|x86.Deploy.0 = Debug|Any CPU
		{ECAE3BF5-AC40-4C0C-9453-0206451AE622}.Debug|Any CPU.ActiveCfg = Debug|Any CPU
		{ECAE3BF5-AC40-4C0C-9453-0206451AE622}.Debug|Any CPU.Build.0 = Debug|Any CPU
		{ECAE3BF5-AC40-4C0C-9453-0206451AE622}.Debug|Any CPU.Deploy.0 = Debug|Any CPU
		{ECAE3BF5-AC40-4C0C-9453-0206451AE622}.Debug|ARM.ActiveCfg = Debug|Any CPU
		{ECAE3BF5-AC40-4C0C-9453-0206451AE622}.Debug|ARM.Build.0 = Debug|Any CPU
		{ECAE3BF5-AC40-4C0C-9453-0206451AE622}.Debug|ARM.Deploy.0 = Debug|Any CPU
		{ECAE3BF5-AC40-4C0C-9453-0206451AE622}.Debug|iPhone.ActiveCfg = Debug|Any CPU
		{ECAE3BF5-AC40-4C0C-9453-0206451AE622}.Debug|iPhone.Build.0 = Debug|Any CPU
		{ECAE3BF5-AC40-4C0C-9453-0206451AE622}.Debug|iPhone.Deploy.0 = Debug|Any CPU
		{ECAE3BF5-AC40-4C0C-9453-0206451AE622}.Debug|iPhoneSimulator.ActiveCfg = Debug|Any CPU
		{ECAE3BF5-AC40-4C0C-9453-0206451AE622}.Debug|iPhoneSimulator.Build.0 = Debug|Any CPU
		{ECAE3BF5-AC40-4C0C-9453-0206451AE622}.Debug|iPhoneSimulator.Deploy.0 = Debug|Any CPU
		{ECAE3BF5-AC40-4C0C-9453-0206451AE622}.Debug|x64.ActiveCfg = Debug|Any CPU
		{ECAE3BF5-AC40-4C0C-9453-0206451AE622}.Debug|x64.Build.0 = Debug|Any CPU
		{ECAE3BF5-AC40-4C0C-9453-0206451AE622}.Debug|x64.Deploy.0 = Debug|Any CPU
		{ECAE3BF5-AC40-4C0C-9453-0206451AE622}.Debug|x86.ActiveCfg = Debug|Any CPU
		{ECAE3BF5-AC40-4C0C-9453-0206451AE622}.Debug|x86.Build.0 = Debug|Any CPU
		{ECAE3BF5-AC40-4C0C-9453-0206451AE622}.Debug|x86.Deploy.0 = Debug|Any CPU
		{ECAE3BF5-AC40-4C0C-9453-0206451AE622}.Release|Any CPU.ActiveCfg = Release|Any CPU
		{ECAE3BF5-AC40-4C0C-9453-0206451AE622}.Release|Any CPU.Build.0 = Release|Any CPU
		{ECAE3BF5-AC40-4C0C-9453-0206451AE622}.Release|Any CPU.Deploy.0 = Release|Any CPU
		{ECAE3BF5-AC40-4C0C-9453-0206451AE622}.Release|ARM.ActiveCfg = Release|Any CPU
		{ECAE3BF5-AC40-4C0C-9453-0206451AE622}.Release|ARM.Build.0 = Release|Any CPU
		{ECAE3BF5-AC40-4C0C-9453-0206451AE622}.Release|ARM.Deploy.0 = Release|Any CPU
		{ECAE3BF5-AC40-4C0C-9453-0206451AE622}.Release|iPhone.ActiveCfg = Release|Any CPU
		{ECAE3BF5-AC40-4C0C-9453-0206451AE622}.Release|iPhone.Build.0 = Release|Any CPU
		{ECAE3BF5-AC40-4C0C-9453-0206451AE622}.Release|iPhone.Deploy.0 = Release|Any CPU
		{ECAE3BF5-AC40-4C0C-9453-0206451AE622}.Release|iPhoneSimulator.ActiveCfg = Release|Any CPU
		{ECAE3BF5-AC40-4C0C-9453-0206451AE622}.Release|iPhoneSimulator.Build.0 = Release|Any CPU
		{ECAE3BF5-AC40-4C0C-9453-0206451AE622}.Release|iPhoneSimulator.Deploy.0 = Release|Any CPU
		{ECAE3BF5-AC40-4C0C-9453-0206451AE622}.Release|x64.ActiveCfg = Release|Any CPU
		{ECAE3BF5-AC40-4C0C-9453-0206451AE622}.Release|x64.Build.0 = Release|Any CPU
		{ECAE3BF5-AC40-4C0C-9453-0206451AE622}.Release|x64.Deploy.0 = Release|Any CPU
		{ECAE3BF5-AC40-4C0C-9453-0206451AE622}.Release|x86.ActiveCfg = Release|Any CPU
		{ECAE3BF5-AC40-4C0C-9453-0206451AE622}.Release|x86.Build.0 = Release|Any CPU
		{ECAE3BF5-AC40-4C0C-9453-0206451AE622}.Release|x86.Deploy.0 = Release|Any CPU
	EndGlobalSection
	GlobalSection(SolutionProperties) = preSolution
		HideSolutionNode = FALSE
	EndGlobalSection
	GlobalSection(ExtensibilityGlobals) = postSolution
		SolutionGuid = {4EF18256-D1D9-49B4-B8FF-15DFE9CAA1B1}
	EndGlobalSection
EndGlobal
